
Microsoft Visual Studio Solution File, Format Version 12.00
# Visual Studio Version 17
VisualStudioVersion = 17.12.35527.113 d17.12
MinimumVisualStudioVersion = 10.0.40219.1
Project("{FAE04EC0-301F-11D3-BF4B-00C04F79EFBC}") = "Problem 3", "Problem 3\Problem 3.csproj", "{067315C2-D266-4F22-822B-610F19E4A303}"
EndProject
Global
	GlobalSection(SolutionConfigurationPlatforms) = preSolution
		Debug|Any CPU = Debug|Any CPU
		Release|Any CPU = Release|Any CPU
	EndGlobalSection
	GlobalSection(ProjectConfigurationPlatforms) = postSolution
		{067315C2-D266-4F22-822B-610F19E4A303}.Debug|Any CPU.ActiveCfg = Debug|Any CPU
		{067315C2-D266-4F22-822B-610F19E4A303}.Debug|Any CPU.Build.0 = Debug|Any CPU
		{067315C2-D266-4F22-822B-610F19E4A303}.Release|Any CPU.ActiveCfg = Release|Any CPU
		{067315C2-D266-4F22-822B-610F19E4A303}.Release|Any CPU.Build.0 = Release|Any CPU
	EndGlobalSection
	GlobalSection(SolutionProperties) = preSolution
		HideSolutionNode = FALSE
	EndGlobalSection
EndGlobal
